
Microsoft Visual Studio Solution File, Format Version 12.00
# Visual Studio Version 17
VisualStudioVersion = 17.9.34728.123
MinimumVisualStudioVersion = 10.0.40219.1
Project("{2150E333-8FDC-42A3-9474-1A3956D46DE8}") = "1-Domain", "1-Domain", "{B89305C7-20B1-4B53-9FF7-DB1B63E39665}"
EndProject
Project("{2150E333-8FDC-42A3-9474-1A3956D46DE8}") = "3-Infrastructure", "3-Infrastructure", "{0313A666-AB8F-46B6-AF53-CF858EAF2B7D}"
EndProject
Project("{2150E333-8FDC-42A3-9474-1A3956D46DE8}") = "4-Presentation", "4-Presentation", "{61C2F39B-0F77-460F-B4B1-7EB4D84F4525}"
EndProject
Project("{9A19103F-16F7-4668-BE54-9A1E7A4F7556}") = "Domain", "Domain\Domain.csproj", "{E5183032-F5ED-4352-9E24-0787BB148A2D}"
EndProject
Project("{9A19103F-16F7-4668-BE54-9A1E7A4F7556}") = "Infrastructure", "Infrastructure\Infrastructure.csproj", "{F846794D-1526-478F-957B-E3B278C4AAC0}"
EndProject
Project("{9A19103F-16F7-4668-BE54-9A1E7A4F7556}") = "Mvc", "Mvc\Mvc.csproj", "{44D90FEA-131F-4101-9810-629793FDD924}"
EndProject
Global
	GlobalSection(SolutionConfigurationPlatforms) = preSolution
		Debug|Any CPU = Debug|Any CPU
		Release|Any CPU = Release|Any CPU
	EndGlobalSection
	GlobalSection(ProjectConfigurationPlatforms) = postSolution
		{E5183032-F5ED-4352-9E24-0787BB148A2D}.Debug|Any CPU.ActiveCfg = Debug|Any CPU
		{E5183032-F5ED-4352-9E24-0787BB148A2D}.Debug|Any CPU.Build.0 = Debug|Any CPU
		{E5183032-F5ED-4352-9E24-0787BB148A2D}.Release|Any CPU.ActiveCfg = Release|Any CPU
		{E5183032-F5ED-4352-9E24-0787BB148A2D}.Release|Any CPU.Build.0 = Release|Any CPU
		{F846794D-1526-478F-957B-E3B278C4AAC0}.Debug|Any CPU.ActiveCfg = Debug|Any CPU
		{F846794D-1526-478F-957B-E3B278C4AAC0}.Debug|Any CPU.Build.0 = Debug|Any CPU
		{F846794D-1526-478F-957B-E3B278C4AAC0}.Release|Any CPU.ActiveCfg = Release|Any CPU
		{F846794D-1526-478F-957B-E3B278C4AAC0}.Release|Any CPU.Build.0 = Release|Any CPU
		{44D90FEA-131F-4101-9810-629793FDD924}.Debug|Any CPU.ActiveCfg = Debug|Any CPU
		{44D90FEA-131F-4101-9810-629793FDD924}.Debug|Any CPU.Build.0 = Debug|Any CPU
		{44D90FEA-131F-4101-9810-629793FDD924}.Release|Any CPU.ActiveCfg = Release|Any CPU
		{44D90FEA-131F-4101-9810-629793FDD924}.Release|Any CPU.Build.0 = Release|Any CPU
	EndGlobalSection
	GlobalSection(SolutionProperties) = preSolution
		HideSolutionNode = FALSE
	EndGlobalSection
	GlobalSection(NestedProjects) = preSolution
		{E5183032-F5ED-4352-9E24-0787BB148A2D} = {B89305C7-20B1-4B53-9FF7-DB1B63E39665}
		{F846794D-1526-478F-957B-E3B278C4AAC0} = {0313A666-AB8F-46B6-AF53-CF858EAF2B7D}
		{44D90FEA-131F-4101-9810-629793FDD924} = {61C2F39B-0F77-460F-B4B1-7EB4D84F4525}
	EndGlobalSection
	GlobalSection(ExtensibilityGlobals) = postSolution
		SolutionGuid = {EF419460-CD23-457B-AC4D-97AFD2B4C859}
	EndGlobalSection
EndGlobal
